
Microsoft Visual Studio Solution File, Format Version 12.00
# Visual Studio Version 16
VisualStudioVersion = 16.0.29503.13
MinimumVisualStudioVersion = 10.0.40219.1
Project("{FAE04EC0-301F-11D3-BF4B-00C04F79EFBC}") = "Water Tank WSN", "Water Tank WSN.csproj", "{30F22D88-871C-4B9A-BC0B-A7EF8A28F5E1}"
EndProject
Global
	GlobalSection(SolutionConfigurationPlatforms) = preSolution
		Debug|Any CPU = Debug|Any CPU
		Release|Any CPU = Release|Any CPU
	EndGlobalSection
	GlobalSection(ProjectConfigurationPlatforms) = postSolution
		{30F22D88-871C-4B9A-BC0B-A7EF8A28F5E1}.Debug|Any CPU.ActiveCfg = Debug|Any CPU
		{30F22D88-871C-4B9A-BC0B-A7EF8A28F5E1}.Debug|Any CPU.Build.0 = Debug|Any CPU
		{30F22D88-871C-4B9A-BC0B-A7EF8A28F5E1}.Release|Any CPU.ActiveCfg = Release|Any CPU
		{30F22D88-871C-4B9A-BC0B-A7EF8A28F5E1}.Release|Any CPU.Build.0 = Release|Any CPU
	EndGlobalSection
	GlobalSection(SolutionProperties) = preSolution
		HideSolutionNode = FALSE
	EndGlobalSection
	GlobalSection(ExtensibilityGlobals) = postSolution
		SolutionGuid = {6782DF01-7348-485E-A290-02BC694D07F1}
	EndGlobalSection
EndGlobal
